
Microsoft Visual Studio Solution File, Format Version 12.00
# Visual Studio 2012
Project("{FAE04EC0-301F-11D3-BF4B-00C04F79EFBC}") = "SW_Membership_Assignment2_UI", "SW_Membership_Assignment2_UI\SW_Membership_Assignment2_UI.csproj", "{95397EF1-A20C-4F4D-8266-2BAE1D15C912}"
EndProject
Global
	GlobalSection(SolutionConfigurationPlatforms) = preSolution
		Debug|Any CPU = Debug|Any CPU
		Release|Any CPU = Release|Any CPU
	EndGlobalSection
	GlobalSection(ProjectConfigurationPlatforms) = postSolution
		{95397EF1-A20C-4F4D-8266-2BAE1D15C912}.Debug|Any CPU.ActiveCfg = Debug|Any CPU
		{95397EF1-A20C-4F4D-8266-2BAE1D15C912}.Debug|Any CPU.Build.0 = Debug|Any CPU
		{95397EF1-A20C-4F4D-8266-2BAE1D15C912}.Release|Any CPU.ActiveCfg = Release|Any CPU
		{95397EF1-A20C-4F4D-8266-2BAE1D15C912}.Release|Any CPU.Build.0 = Release|Any CPU
	EndGlobalSection
	GlobalSection(SolutionProperties) = preSolution
		HideSolutionNode = FALSE
	EndGlobalSection
EndGlobal
